// !$*UTF8*$!
{
	archiveVersion = 1;
	classes = {
	};
	objectVersion = 46;
	objects = {

/* Begin PBXBuildFile section */
		C91F1B7114BA3E0C00C40108 /* MSDurationFormatter.m in Sources */ = {isa = PBXBuildFile; fileRef = C91F1B7014BA3E0C00C40108 /* MSDurationFormatter.m */; };
		C91F1B7514BAA7DA00C40108 /* LaunchAtLoginController.m in Sources */ = {isa = PBXBuildFile; fileRef = C91F1B7414BAA7DA00C40108 /* LaunchAtLoginController.m */; };
		C91F1B7814BABCAA00C40108 /* Currentsong.icns in Resources */ = {isa = PBXBuildFile; fileRef = C91F1B7714BABCAA00C40108 /* Currentsong.icns */; };
		C9E4B39514B8C440006D7B1F /* Cocoa.framework in Frameworks */ = {isa = PBXBuildFile; fileRef = C9E4B39414B8C440006D7B1F /* Cocoa.framework */; };
		C9E4B39F14B8C440006D7B1F /* InfoPlist.strings in Resources */ = {isa = PBXBuildFile; fileRef = C9E4B39D14B8C440006D7B1F /* InfoPlist.strings */; };
		C9E4B3A114B8C440006D7B1F /* main.m in Sources */ = {isa = PBXBuildFile; fileRef = C9E4B3A014B8C440006D7B1F /* main.m */; };
		C9E4B3A514B8C440006D7B1F /* Credits.rtf in Resources */ = {isa = PBXBuildFile; fileRef = C9E4B3A314B8C440006D7B1F /* Credits.rtf */; };
		C9E4B3A814B8C440006D7B1F /* CurrentsongAppDelegate.m in Sources */ = {isa = PBXBuildFile; fileRef = C9E4B3A714B8C440006D7B1F /* CurrentsongAppDelegate.m */; };
		C9E4B3AB14B8C440006D7B1F /* MainMenu.xib in Resources */ = {isa = PBXBuildFile; fileRef = C9E4B3A914B8C440006D7B1F /* MainMenu.xib */; };
		C9E4B3B914B8D469006D7B1F /* ScriptingBridge.framework in Frameworks */ = {isa = PBXBuildFile; fileRef = C9E4B3B814B8D469006D7B1F /* ScriptingBridge.framework */; };
		C9E4B3BC14B8DAE3006D7B1F /* CurrentsongStatusView.m in Sources */ = {isa = PBXBuildFile; fileRef = C9E4B3BB14B8DAE3006D7B1F /* CurrentsongStatusView.m */; };
		C9E4B3C214B8FBF9006D7B1F /* NSAttributedStringAdditions.m in Sources */ = {isa = PBXBuildFile; fileRef = C9E4B3C114B8FBF9006D7B1F /* NSAttributedStringAdditions.m */; };
		C9E4B3C814B90138006D7B1F /* CurrentsongPreferenceKeys.m in Sources */ = {isa = PBXBuildFile; fileRef = C9E4B3C714B90138006D7B1F /* CurrentsongPreferenceKeys.m */; };
/* End PBXBuildFile section */

/* Begin PBXFileReference section */
		C91F1B6F14BA3E0B00C40108 /* MSDurationFormatter.h */ = {isa = PBXFileReference; fileEncoding = 4; lastKnownFileType = sourcecode.c.h; path = MSDurationFormatter.h; sourceTree = "<group>"; };
		C91F1B7014BA3E0C00C40108 /* MSDurationFormatter.m */ = {isa = PBXFileReference; fileEncoding = 4; lastKnownFileType = sourcecode.c.objc; path = MSDurationFormatter.m; sourceTree = "<group>"; };
		C91F1B7314BAA7DA00C40108 /* LaunchAtLoginController.h */ = {isa = PBXFileReference; fileEncoding = 4; lastKnownFileType = sourcecode.c.h; path = LaunchAtLoginController.h; sourceTree = "<group>"; };
		C91F1B7414BAA7DA00C40108 /* LaunchAtLoginController.m */ = {isa = PBXFileReference; fileEncoding = 4; lastKnownFileType = sourcecode.c.objc; path = LaunchAtLoginController.m; sourceTree = "<group>"; };
		C91F1B7714BABCAA00C40108 /* Currentsong.icns */ = {isa = PBXFileReference; lastKnownFileType = image.icns; path = Currentsong.icns; sourceTree = "<group>"; };
		C9E4B39014B8C440006D7B1F /* Currentsong.app */ = {isa = PBXFileReference; explicitFileType = wrapper.application; includeInIndex = 0; path = Currentsong.app; sourceTree = BUILT_PRODUCTS_DIR; };
		C9E4B39414B8C440006D7B1F /* Cocoa.framework */ = {isa = PBXFileReference; lastKnownFileType = wrapper.framework; name = Cocoa.framework; path = System/Library/Frameworks/Cocoa.framework; sourceTree = SDKROOT; };
		C9E4B39714B8C440006D7B1F /* AppKit.framework */ = {isa = PBXFileReference; lastKnownFileType = wrapper.framework; name = AppKit.framework; path = System/Library/Frameworks/AppKit.framework; sourceTree = SDKROOT; };
		C9E4B39814B8C440006D7B1F /* CoreData.framework */ = {isa = PBXFileReference; lastKnownFileType = wrapper.framework; name = CoreData.framework; path = System/Library/Frameworks/CoreData.framework; sourceTree = SDKROOT; };
		C9E4B39914B8C440006D7B1F /* Foundation.framework */ = {isa = PBXFileReference; lastKnownFileType = wrapper.framework; name = Foundation.framework; path = System/Library/Frameworks/Foundation.framework; sourceTree = SDKROOT; };
		C9E4B39C14B8C440006D7B1F /* Currentsong-Info.plist */ = {isa = PBXFileReference; lastKnownFileType = text.plist.xml; path = "Currentsong-Info.plist"; sourceTree = "<group>"; };
		C9E4B39E14B8C440006D7B1F /* en */ = {isa = PBXFileReference; lastKnownFileType = text.plist.strings; name = en; path = en.lproj/InfoPlist.strings; sourceTree = "<group>"; };
		C9E4B3A014B8C440006D7B1F /* main.m */ = {isa = PBXFileReference; lastKnownFileType = sourcecode.c.objc; path = main.m; sourceTree = "<group>"; };
		C9E4B3A214B8C440006D7B1F /* Currentsong-Prefix.pch */ = {isa = PBXFileReference; lastKnownFileType = sourcecode.c.h; path = "Currentsong-Prefix.pch"; sourceTree = "<group>"; };
		C9E4B3A414B8C440006D7B1F /* en */ = {isa = PBXFileReference; lastKnownFileType = text.rtf; name = en; path = en.lproj/Credits.rtf; sourceTree = "<group>"; };
		C9E4B3A614B8C440006D7B1F /* CurrentsongAppDelegate.h */ = {isa = PBXFileReference; lastKnownFileType = sourcecode.c.h; path = CurrentsongAppDelegate.h; sourceTree = "<group>"; };
		C9E4B3A714B8C440006D7B1F /* CurrentsongAppDelegate.m */ = {isa = PBXFileReference; lastKnownFileType = sourcecode.c.objc; path = CurrentsongAppDelegate.m; sourceTree = "<group>"; };
		C9E4B3AA14B8C440006D7B1F /* en */ = {isa = PBXFileReference; lastKnownFileType = file.xib; name = en; path = en.lproj/MainMenu.xib; sourceTree = "<group>"; };
		C9E4B3B714B8D42E006D7B1F /* iTunes.h */ = {isa = PBXFileReference; fileEncoding = 4; lastKnownFileType = sourcecode.c.h; path = iTunes.h; sourceTree = "<group>"; };
		C9E4B3B814B8D469006D7B1F /* ScriptingBridge.framework */ = {isa = PBXFileReference; lastKnownFileType = wrapper.framework; name = ScriptingBridge.framework; path = System/Library/Frameworks/ScriptingBridge.framework; sourceTree = SDKROOT; };
		C9E4B3BA14B8DAE3006D7B1F /* CurrentsongStatusView.h */ = {isa = PBXFileReference; fileEncoding = 4; lastKnownFileType = sourcecode.c.h; path = CurrentsongStatusView.h; sourceTree = "<group>"; };
		C9E4B3BB14B8DAE3006D7B1F /* CurrentsongStatusView.m */ = {isa = PBXFileReference; fileEncoding = 4; lastKnownFileType = sourcecode.c.objc; path = CurrentsongStatusView.m; sourceTree = "<group>"; };
		C9E4B3C014B8FBF9006D7B1F /* NSAttributedStringAdditions.h */ = {isa = PBXFileReference; fileEncoding = 4; lastKnownFileType = sourcecode.c.h; path = NSAttributedStringAdditions.h; sourceTree = "<group>"; };
		C9E4B3C114B8FBF9006D7B1F /* NSAttributedStringAdditions.m */ = {isa = PBXFileReference; fileEncoding = 4; lastKnownFileType = sourcecode.c.objc; path = NSAttributedStringAdditions.m; sourceTree = "<group>"; };
		C9E4B3C614B90138006D7B1F /* CurrentsongPreferenceKeys.h */ = {isa = PBXFileReference; fileEncoding = 4; lastKnownFileType = sourcecode.c.h; path = CurrentsongPreferenceKeys.h; sourceTree = "<group>"; };
		C9E4B3C714B90138006D7B1F /* CurrentsongPreferenceKeys.m */ = {isa = PBXFileReference; fileEncoding = 4; lastKnownFileType = sourcecode.c.objc; path = CurrentsongPreferenceKeys.m; sourceTree = "<group>"; };
/* End PBXFileReference section */

/* Begin PBXFrameworksBuildPhase section */
		C9E4B38D14B8C440006D7B1F /* Frameworks */ = {
			isa = PBXFrameworksBuildPhase;
			buildActionMask = 2147483647;
			files = (
				C9E4B3B914B8D469006D7B1F /* ScriptingBridge.framework in Frameworks */,
				C9E4B39514B8C440006D7B1F /* Cocoa.framework in Frameworks */,
			);
			runOnlyForDeploymentPostprocessing = 0;
		};
/* End PBXFrameworksBuildPhase section */

/* Begin PBXGroup section */
		C91F1B7614BABCAA00C40108 /* Resources */ = {
			isa = PBXGroup;
			children = (
				C91F1B7714BABCAA00C40108 /* Currentsong.icns */,
			);
			path = Resources;
			sourceTree = "<group>";
		};
		C9E4B38514B8C440006D7B1F = {
			isa = PBXGroup;
			children = (
				C9E4B39A14B8C440006D7B1F /* Source */,
				C91F1B7614BABCAA00C40108 /* Resources */,
				C9E4B39314B8C440006D7B1F /* Frameworks */,
				C9E4B39114B8C440006D7B1F /* Products */,
			);
			sourceTree = "<group>";
		};
		C9E4B39114B8C440006D7B1F /* Products */ = {
			isa = PBXGroup;
			children = (
				C9E4B39014B8C440006D7B1F /* Currentsong.app */,
			);
			name = Products;
			sourceTree = "<group>";
		};
		C9E4B39314B8C440006D7B1F /* Frameworks */ = {
			isa = PBXGroup;
			children = (
				C9E4B39414B8C440006D7B1F /* Cocoa.framework */,
				C9E4B3B814B8D469006D7B1F /* ScriptingBridge.framework */,
				C9E4B39614B8C440006D7B1F /* Other Frameworks */,
			);
			name = Frameworks;
			sourceTree = "<group>";
		};
		C9E4B39614B8C440006D7B1F /* Other Frameworks */ = {
			isa = PBXGroup;
			children = (
				C9E4B39714B8C440006D7B1F /* AppKit.framework */,
				C9E4B39814B8C440006D7B1F /* CoreData.framework */,
				C9E4B39914B8C440006D7B1F /* Foundation.framework */,
			);
			name = "Other Frameworks";
			sourceTree = "<group>";
		};
		C9E4B39A14B8C440006D7B1F /* Source */ = {
			isa = PBXGroup;
			children = (
				C9E4B3B714B8D42E006D7B1F /* iTunes.h */,
				C9E4B3A614B8C440006D7B1F /* CurrentsongAppDelegate.h */,
				C9E4B3A714B8C440006D7B1F /* CurrentsongAppDelegate.m */,
				C9E4B3BA14B8DAE3006D7B1F /* CurrentsongStatusView.h */,
				C9E4B3BB14B8DAE3006D7B1F /* CurrentsongStatusView.m */,
				C9E4B3C614B90138006D7B1F /* CurrentsongPreferenceKeys.h */,
				C9E4B3C714B90138006D7B1F /* CurrentsongPreferenceKeys.m */,
				C9E4B3C014B8FBF9006D7B1F /* NSAttributedStringAdditions.h */,
				C9E4B3C114B8FBF9006D7B1F /* NSAttributedStringAdditions.m */,
				C91F1B6F14BA3E0B00C40108 /* MSDurationFormatter.h */,
				C91F1B7014BA3E0C00C40108 /* MSDurationFormatter.m */,
				C91F1B7314BAA7DA00C40108 /* LaunchAtLoginController.h */,
				C91F1B7414BAA7DA00C40108 /* LaunchAtLoginController.m */,
				C9E4B3A914B8C440006D7B1F /* MainMenu.xib */,
				C9E4B39B14B8C440006D7B1F /* Supporting Files */,
			);
			name = Source;
			path = Currentsong;
			sourceTree = "<group>";
		};
		C9E4B39B14B8C440006D7B1F /* Supporting Files */ = {
			isa = PBXGroup;
			children = (
				C9E4B39C14B8C440006D7B1F /* Currentsong-Info.plist */,
				C9E4B39D14B8C440006D7B1F /* InfoPlist.strings */,
				C9E4B3A014B8C440006D7B1F /* main.m */,
				C9E4B3A214B8C440006D7B1F /* Currentsong-Prefix.pch */,
				C9E4B3A314B8C440006D7B1F /* Credits.rtf */,
			);
			name = "Supporting Files";
			sourceTree = "<group>";
		};
/* End PBXGroup section */

/* Begin PBXNativeTarget section */
		C9E4B38F14B8C440006D7B1F /* Currentsong */ = {
			isa = PBXNativeTarget;
			buildConfigurationList = C9E4B3AE14B8C440006D7B1F /* Build configuration list for PBXNativeTarget "Currentsong" */;
			buildPhases = (
				C9E4B38C14B8C440006D7B1F /* Sources */,
				C9E4B38D14B8C440006D7B1F /* Frameworks */,
				C9E4B38E14B8C440006D7B1F /* Resources */,
			);
			buildRules = (
			);
			dependencies = (
			);
			name = Currentsong;
			productName = Currentsong;
			productReference = C9E4B39014B8C440006D7B1F /* Currentsong.app */;
			productType = "com.apple.product-type.application";
		};
/* End PBXNativeTarget section */

/* Begin PBXProject section */
		C9E4B38714B8C440006D7B1F /* Project object */ = {
			isa = PBXProject;
			attributes = {
				ORGANIZATIONNAME = "Matt Sarnoff";
			};
			buildConfigurationList = C9E4B38A14B8C440006D7B1F /* Build configuration list for PBXProject "Currentsong" */;
			compatibilityVersion = "Xcode 3.2";
			developmentRegion = English;
			hasScannedForEncodings = 0;
			knownRegions = (
				en,
			);
			mainGroup = C9E4B38514B8C440006D7B1F;
			productRefGroup = C9E4B39114B8C440006D7B1F /* Products */;
			projectDirPath = "";
			projectRoot = "";
			targets = (
				C9E4B38F14B8C440006D7B1F /* Currentsong */,
			);
		};
/* End PBXProject section */

/* Begin PBXResourcesBuildPhase section */
		C9E4B38E14B8C440006D7B1F /* Resources */ = {
			isa = PBXResourcesBuildPhase;
			buildActionMask = 2147483647;
			files = (
				C9E4B39F14B8C440006D7B1F /* InfoPlist.strings in Resources */,
				C9E4B3A514B8C440006D7B1F /* Credits.rtf in Resources */,
				C9E4B3AB14B8C440006D7B1F /* MainMenu.xib in Resources */,
				C91F1B7814BABCAA00C40108 /* Currentsong.icns in Resources */,
			);
			runOnlyForDeploymentPostprocessing = 0;
		};
/* End PBXResourcesBuildPhase section */

/* Begin PBXSourcesBuildPhase section */
		C9E4B38C14B8C440006D7B1F /* Sources */ = {
			isa = PBXSourcesBuildPhase;
			buildActionMask = 2147483647;
			files = (
				C9E4B3A114B8C440006D7B1F /* main.m in Sources */,
				C9E4B3A814B8C440006D7B1F /* CurrentsongAppDelegate.m in Sources */,
				C9E4B3BC14B8DAE3006D7B1F /* CurrentsongStatusView.m in Sources */,
				C9E4B3C214B8FBF9006D7B1F /* NSAttributedStringAdditions.m in Sources */,
				C9E4B3C814B90138006D7B1F /* CurrentsongPreferenceKeys.m in Sources */,
				C91F1B7114BA3E0C00C40108 /* MSDurationFormatter.m in Sources */,
				C91F1B7514BAA7DA00C40108 /* LaunchAtLoginController.m in Sources */,
			);
			runOnlyForDeploymentPostprocessing = 0;
		};
/* End PBXSourcesBuildPhase section */

/* Begin PBXVariantGroup section */
		C9E4B39D14B8C440006D7B1F /* InfoPlist.strings */ = {
			isa = PBXVariantGroup;
			children = (
				C9E4B39E14B8C440006D7B1F /* en */,
			);
			name = InfoPlist.strings;
			sourceTree = "<group>";
		};
		C9E4B3A314B8C440006D7B1F /* Credits.rtf */ = {
			isa = PBXVariantGroup;
			children = (
				C9E4B3A414B8C440006D7B1F /* en */,
			);
			name = Credits.rtf;
			sourceTree = "<group>";
		};
		C9E4B3A914B8C440006D7B1F /* MainMenu.xib */ = {
			isa = PBXVariantGroup;
			children = (
				C9E4B3AA14B8C440006D7B1F /* en */,
			);
			name = MainMenu.xib;
			sourceTree = "<group>";
		};
/* End PBXVariantGroup section */

/* Begin XCBuildConfiguration section */
		C9E4B3AC14B8C440006D7B1F /* Debug */ = {
			isa = XCBuildConfiguration;
			buildSettings = {
				ALWAYS_SEARCH_USER_PATHS = NO;
				ARCHS = "$(ARCHS_STANDARD_64_BIT)";
				COPY_PHASE_STRIP = NO;
				GCC_C_LANGUAGE_STANDARD = gnu99;
				GCC_DYNAMIC_NO_PIC = NO;
				GCC_ENABLE_OBJC_EXCEPTIONS = YES;
				GCC_OPTIMIZATION_LEVEL = 0;
				GCC_PREPROCESSOR_DEFINITIONS = (
					"DEBUG=1",
					"$(inherited)",
				);
				GCC_SYMBOLS_PRIVATE_EXTERN = NO;
				GCC_VERSION = com.apple.compilers.llvm.clang.1_0;
				GCC_WARN_64_TO_32_BIT_CONVERSION = YES;
				GCC_WARN_ABOUT_MISSING_PROTOTYPES = YES;
				GCC_WARN_ABOUT_RETURN_TYPE = YES;
				GCC_WARN_UNUSED_VARIABLE = YES;
				MACOSX_DEPLOYMENT_TARGET = 10.6;
				ONLY_ACTIVE_ARCH = YES;
				SDKROOT = macosx;
			};
			name = Debug;
		};
		C9E4B3AD14B8C440006D7B1F /* Release */ = {
			isa = XCBuildConfiguration;
			buildSettings = {
				ALWAYS_SEARCH_USER_PATHS = NO;
				ARCHS = "$(ARCHS_STANDARD_64_BIT)";
				COPY_PHASE_STRIP = YES;
				DEBUG_INFORMATION_FORMAT = "dwarf-with-dsym";
				GCC_C_LANGUAGE_STANDARD = gnu99;
				GCC_ENABLE_OBJC_EXCEPTIONS = YES;
				GCC_VERSION = com.apple.compilers.llvm.clang.1_0;
				GCC_WARN_64_TO_32_BIT_CONVERSION = YES;
				GCC_WARN_ABOUT_MISSING_PROTOTYPES = YES;
				GCC_WARN_ABOUT_RETURN_TYPE = YES;
				GCC_WARN_UNUSED_VARIABLE = YES;
				MACOSX_DEPLOYMENT_TARGET = 10.6;
				SDKROOT = macosx;
			};
			name = Release;
		};
		C9E4B3AF14B8C440006D7B1F /* Debug */ = {
			isa = XCBuildConfiguration;
			buildSettings = {
				ARCHS = "$(ARCHS_STANDARD_32_64_BIT)";
				GCC_PRECOMPILE_PREFIX_HEADER = YES;
				GCC_PREFIX_HEADER = "Currentsong/Currentsong-Prefix.pch";
				INFOPLIST_FILE = "Currentsong/Currentsong-Info.plist";
				PRODUCT_NAME = "$(TARGET_NAME)";
				WRAPPER_EXTENSION = app;
			};
			name = Debug;
		};
		C9E4B3B014B8C440006D7B1F /* Release */ = {
			isa = XCBuildConfiguration;
			buildSettings = {
				ARCHS = "$(ARCHS_STANDARD_32_64_BIT)";
				GCC_PRECOMPILE_PREFIX_HEADER = YES;
				GCC_PREFIX_HEADER = "Currentsong/Currentsong-Prefix.pch";
				INFOPLIST_FILE = "Currentsong/Currentsong-Info.plist";
				PRODUCT_NAME = "$(TARGET_NAME)";
				WRAPPER_EXTENSION = app;
			};
			name = Release;
		};
/* End XCBuildConfiguration section */

/* Begin XCConfigurationList section */
		C9E4B38A14B8C440006D7B1F /* Build configuration list for PBXProject "Currentsong" */ = {
			isa = XCConfigurationList;
			buildConfigurations = (
				C9E4B3AC14B8C440006D7B1F /* Debug */,
				C9E4B3AD14B8C440006D7B1F /* Release */,
			);
			defaultConfigurationIsVisible = 0;
			defaultConfigurationName = Release;
		};
		C9E4B3AE14B8C440006D7B1F /* Build configuration list for PBXNativeTarget "Currentsong" */ = {
			isa = XCConfigurationList;
			buildConfigurations = (
				C9E4B3AF14B8C440006D7B1F /* Debug */,
				C9E4B3B014B8C440006D7B1F /* Release */,
			);
			defaultConfigurationIsVisible = 0;
			defaultConfigurationName = Release;
		};
/* End XCConfigurationList section */
	};
	rootObject = C9E4B38714B8C440006D7B1F /* Project object */;
}
