// !$*UTF8*$!
{
	archiveVersion = 1;
	classes = {
	};
	objectVersion = 46;
	objects = {

/* Begin PBXBuildFile section */
		C91F1B7814BABCAA00C40108 /* Currentsong.icns in Resources */ = {isa = PBXBuildFile; fileRef = C91F1B7714BABCAA00C40108 /* Currentsong.icns */; };
		C91F1B8614BABE7C00C40108 /* CurrentsongAppDelegate.m in Sources */ = {isa = PBXBuildFile; fileRef = C91F1B7A14BABE7C00C40108 /* CurrentsongAppDelegate.m */; };
		C91F1B8714BABE7C00C40108 /* CurrentsongPreferenceKeys.m in Sources */ = {isa = PBXBuildFile; fileRef = C91F1B7C14BABE7C00C40108 /* CurrentsongPreferenceKeys.m */; };
		C91F1B8814BABE7C00C40108 /* CurrentsongStatusView.m in Sources */ = {isa = PBXBuildFile; fileRef = C91F1B7E14BABE7C00C40108 /* CurrentsongStatusView.m */; };
		C91F1B8914BABE7C00C40108 /* LaunchAtLoginController.m in Sources */ = {isa = PBXBuildFile; fileRef = C91F1B8114BABE7C00C40108 /* LaunchAtLoginController.m */; };
		C91F1B8A14BABE7C00C40108 /* MSDurationFormatter.m in Sources */ = {isa = PBXBuildFile; fileRef = C91F1B8314BABE7C00C40108 /* MSDurationFormatter.m */; };
		C91F1B8B14BABE7C00C40108 /* NSAttributedStringAdditions.m in Sources */ = {isa = PBXBuildFile; fileRef = C91F1B8514BABE7C00C40108 /* NSAttributedStringAdditions.m */; };
		C91F1B9014BABE9400C40108 /* main.m in Sources */ = {isa = PBXBuildFile; fileRef = C91F1B8E14BABE9400C40108 /* main.m */; };
		C91F1B9414BABEBC00C40108 /* InfoPlist.strings in Resources */ = {isa = PBXBuildFile; fileRef = C91F1B9214BABEBC00C40108 /* InfoPlist.strings */; };
		C91F1B9714BABEC800C40108 /* MainMenu.xib in Resources */ = {isa = PBXBuildFile; fileRef = C91F1B9514BABEC800C40108 /* MainMenu.xib */; };
		C9E4B39514B8C440006D7B1F /* Cocoa.framework in Frameworks */ = {isa = PBXBuildFile; fileRef = C9E4B39414B8C440006D7B1F /* Cocoa.framework */; };
		C9E4B3B914B8D469006D7B1F /* ScriptingBridge.framework in Frameworks */ = {isa = PBXBuildFile; fileRef = C9E4B3B814B8D469006D7B1F /* ScriptingBridge.framework */; };
/* End PBXBuildFile section */

/* Begin PBXFileReference section */
		C91F1B7714BABCAA00C40108 /* Currentsong.icns */ = {isa = PBXFileReference; lastKnownFileType = image.icns; path = Currentsong.icns; sourceTree = "<group>"; };
		C91F1B7914BABE7C00C40108 /* CurrentsongAppDelegate.h */ = {isa = PBXFileReference; fileEncoding = 4; lastKnownFileType = sourcecode.c.h; name = CurrentsongAppDelegate.h; path = Source/CurrentsongAppDelegate.h; sourceTree = SOURCE_ROOT; };
		C91F1B7A14BABE7C00C40108 /* CurrentsongAppDelegate.m */ = {isa = PBXFileReference; fileEncoding = 4; lastKnownFileType = sourcecode.c.objc; name = CurrentsongAppDelegate.m; path = Source/CurrentsongAppDelegate.m; sourceTree = SOURCE_ROOT; };
		C91F1B7B14BABE7C00C40108 /* CurrentsongPreferenceKeys.h */ = {isa = PBXFileReference; fileEncoding = 4; lastKnownFileType = sourcecode.c.h; name = CurrentsongPreferenceKeys.h; path = Source/CurrentsongPreferenceKeys.h; sourceTree = SOURCE_ROOT; };
		C91F1B7C14BABE7C00C40108 /* CurrentsongPreferenceKeys.m */ = {isa = PBXFileReference; fileEncoding = 4; lastKnownFileType = sourcecode.c.objc; name = CurrentsongPreferenceKeys.m; path = Source/CurrentsongPreferenceKeys.m; sourceTree = SOURCE_ROOT; };
		C91F1B7D14BABE7C00C40108 /* CurrentsongStatusView.h */ = {isa = PBXFileReference; fileEncoding = 4; lastKnownFileType = sourcecode.c.h; name = CurrentsongStatusView.h; path = Source/CurrentsongStatusView.h; sourceTree = SOURCE_ROOT; };
		C91F1B7E14BABE7C00C40108 /* CurrentsongStatusView.m */ = {isa = PBXFileReference; fileEncoding = 4; lastKnownFileType = sourcecode.c.objc; name = CurrentsongStatusView.m; path = Source/CurrentsongStatusView.m; sourceTree = SOURCE_ROOT; };
		C91F1B7F14BABE7C00C40108 /* iTunes.h */ = {isa = PBXFileReference; fileEncoding = 4; lastKnownFileType = sourcecode.c.h; name = iTunes.h; path = Source/iTunes.h; sourceTree = SOURCE_ROOT; };
		C91F1B8014BABE7C00C40108 /* LaunchAtLoginController.h */ = {isa = PBXFileReference; fileEncoding = 4; lastKnownFileType = sourcecode.c.h; name = LaunchAtLoginController.h; path = Source/LaunchAtLoginController.h; sourceTree = SOURCE_ROOT; };
		C91F1B8114BABE7C00C40108 /* LaunchAtLoginController.m */ = {isa = PBXFileReference; fileEncoding = 4; lastKnownFileType = sourcecode.c.objc; name = LaunchAtLoginController.m; path = Source/LaunchAtLoginController.m; sourceTree = SOURCE_ROOT; };
		C91F1B8214BABE7C00C40108 /* MSDurationFormatter.h */ = {isa = PBXFileReference; fileEncoding = 4; lastKnownFileType = sourcecode.c.h; name = MSDurationFormatter.h; path = Source/MSDurationFormatter.h; sourceTree = SOURCE_ROOT; };
		C91F1B8314BABE7C00C40108 /* MSDurationFormatter.m */ = {isa = PBXFileReference; fileEncoding = 4; lastKnownFileType = sourcecode.c.objc; name = MSDurationFormatter.m; path = Source/MSDurationFormatter.m; sourceTree = SOURCE_ROOT; };
		C91F1B8414BABE7C00C40108 /* NSAttributedStringAdditions.h */ = {isa = PBXFileReference; fileEncoding = 4; lastKnownFileType = sourcecode.c.h; name = NSAttributedStringAdditions.h; path = Source/NSAttributedStringAdditions.h; sourceTree = SOURCE_ROOT; };
		C91F1B8514BABE7C00C40108 /* NSAttributedStringAdditions.m */ = {isa = PBXFileReference; fileEncoding = 4; lastKnownFileType = sourcecode.c.objc; name = NSAttributedStringAdditions.m; path = Source/NSAttributedStringAdditions.m; sourceTree = SOURCE_ROOT; };
		C91F1B8D14BABE9400C40108 /* Currentsong-Prefix.pch */ = {isa = PBXFileReference; fileEncoding = 4; lastKnownFileType = sourcecode.c.h; name = "Currentsong-Prefix.pch"; path = "Source/Currentsong-Prefix.pch"; sourceTree = SOURCE_ROOT; };
		C91F1B8E14BABE9400C40108 /* main.m */ = {isa = PBXFileReference; fileEncoding = 4; lastKnownFileType = sourcecode.c.objc; name = main.m; path = Source/main.m; sourceTree = SOURCE_ROOT; };
		C91F1B9314BABEBC00C40108 /* en */ = {isa = PBXFileReference; lastKnownFileType = text.plist.strings; name = en; path = Source/en.lproj/InfoPlist.strings; sourceTree = SOURCE_ROOT; };
		C91F1B9614BABEC800C40108 /* en */ = {isa = PBXFileReference; lastKnownFileType = file.xib; name = en; path = Source/en.lproj/MainMenu.xib; sourceTree = SOURCE_ROOT; };
		C91F1B9814BABF2700C40108 /* Currentsong-Info.plist */ = {isa = PBXFileReference; fileEncoding = 4; lastKnownFileType = text.plist.xml; path = "Currentsong-Info.plist"; sourceTree = SOURCE_ROOT; };
		C9E4B39014B8C440006D7B1F /* Currentsong.app */ = {isa = PBXFileReference; explicitFileType = wrapper.application; includeInIndex = 0; path = Currentsong.app; sourceTree = BUILT_PRODUCTS_DIR; };
		C9E4B39414B8C440006D7B1F /* Cocoa.framework */ = {isa = PBXFileReference; lastKnownFileType = wrapper.framework; name = Cocoa.framework; path = System/Library/Frameworks/Cocoa.framework; sourceTree = SDKROOT; };
		C9E4B39714B8C440006D7B1F /* AppKit.framework */ = {isa = PBXFileReference; lastKnownFileType = wrapper.framework; name = AppKit.framework; path = System/Library/Frameworks/AppKit.framework; sourceTree = SDKROOT; };
		C9E4B39814B8C440006D7B1F /* CoreData.framework */ = {isa = PBXFileReference; lastKnownFileType = wrapper.framework; name = CoreData.framework; path = System/Library/Frameworks/CoreData.framework; sourceTree = SDKROOT; };
		C9E4B39914B8C440006D7B1F /* Foundation.framework */ = {isa = PBXFileReference; lastKnownFileType = wrapper.framework; name = Foundation.framework; path = System/Library/Frameworks/Foundation.framework; sourceTree = SDKROOT; };
		C9E4B3B814B8D469006D7B1F /* ScriptingBridge.framework */ = {isa = PBXFileReference; lastKnownFileType = wrapper.framework; name = ScriptingBridge.framework; path = System/Library/Frameworks/ScriptingBridge.framework; sourceTree = SDKROOT; };
/* End PBXFileReference section */

/* Begin PBXFrameworksBuildPhase section */
		C9E4B38D14B8C440006D7B1F /* Frameworks */ = {
			isa = PBXFrameworksBuildPhase;
			buildActionMask = 2147483647;
			files = (
				C9E4B3B914B8D469006D7B1F /* ScriptingBridge.framework in Frameworks */,
				C9E4B39514B8C440006D7B1F /* Cocoa.framework in Frameworks */,
			);
			runOnlyForDeploymentPostprocessing = 0;
		};
/* End PBXFrameworksBuildPhase section */

/* Begin PBXGroup section */
		C91F1B7614BABCAA00C40108 /* Resources */ = {
			isa = PBXGroup;
			children = (
				C91F1B9514BABEC800C40108 /* MainMenu.xib */,
				C91F1B7714BABCAA00C40108 /* Currentsong.icns */,
			);
			path = Resources;
			sourceTree = "<group>";
		};
		C9E4B38514B8C440006D7B1F = {
			isa = PBXGroup;
			children = (
				C9E4B39A14B8C440006D7B1F /* Source */,
				C91F1B7614BABCAA00C40108 /* Resources */,
				C9E4B39314B8C440006D7B1F /* Frameworks */,
				C9E4B39114B8C440006D7B1F /* Products */,
			);
			sourceTree = "<group>";
		};
		C9E4B39114B8C440006D7B1F /* Products */ = {
			isa = PBXGroup;
			children = (
				C9E4B39014B8C440006D7B1F /* Currentsong.app */,
			);
			name = Products;
			sourceTree = "<group>";
		};
		C9E4B39314B8C440006D7B1F /* Frameworks */ = {
			isa = PBXGroup;
			children = (
				C9E4B39414B8C440006D7B1F /* Cocoa.framework */,
				C9E4B3B814B8D469006D7B1F /* ScriptingBridge.framework */,
				C9E4B39614B8C440006D7B1F /* Other Frameworks */,
			);
			name = Frameworks;
			sourceTree = "<group>";
		};
		C9E4B39614B8C440006D7B1F /* Other Frameworks */ = {
			isa = PBXGroup;
			children = (
				C9E4B39714B8C440006D7B1F /* AppKit.framework */,
				C9E4B39814B8C440006D7B1F /* CoreData.framework */,
				C9E4B39914B8C440006D7B1F /* Foundation.framework */,
			);
			name = "Other Frameworks";
			sourceTree = "<group>";
		};
		C9E4B39A14B8C440006D7B1F /* Source */ = {
			isa = PBXGroup;
			children = (
				C91F1B7F14BABE7C00C40108 /* iTunes.h */,
				C91F1B7914BABE7C00C40108 /* CurrentsongAppDelegate.h */,
				C91F1B7A14BABE7C00C40108 /* CurrentsongAppDelegate.m */,
				C91F1B7B14BABE7C00C40108 /* CurrentsongPreferenceKeys.h */,
				C91F1B7C14BABE7C00C40108 /* CurrentsongPreferenceKeys.m */,
				C91F1B7D14BABE7C00C40108 /* CurrentsongStatusView.h */,
				C91F1B7E14BABE7C00C40108 /* CurrentsongStatusView.m */,
				C91F1B8014BABE7C00C40108 /* LaunchAtLoginController.h */,
				C91F1B8114BABE7C00C40108 /* LaunchAtLoginController.m */,
				C91F1B8214BABE7C00C40108 /* MSDurationFormatter.h */,
				C91F1B8314BABE7C00C40108 /* MSDurationFormatter.m */,
				C91F1B8414BABE7C00C40108 /* NSAttributedStringAdditions.h */,
				C91F1B8514BABE7C00C40108 /* NSAttributedStringAdditions.m */,
				C9E4B39B14B8C440006D7B1F /* Supporting Files */,
			);
			name = Source;
			path = Currentsong;
			sourceTree = "<group>";
		};
		C9E4B39B14B8C440006D7B1F /* Supporting Files */ = {
			isa = PBXGroup;
			children = (
				C91F1B9814BABF2700C40108 /* Currentsong-Info.plist */,
				C91F1B8D14BABE9400C40108 /* Currentsong-Prefix.pch */,
				C91F1B8E14BABE9400C40108 /* main.m */,
				C91F1B9214BABEBC00C40108 /* InfoPlist.strings */,
			);
			name = "Supporting Files";
			sourceTree = "<group>";
		};
/* End PBXGroup section */

/* Begin PBXNativeTarget section */
		C9E4B38F14B8C440006D7B1F /* Currentsong */ = {
			isa = PBXNativeTarget;
			buildConfigurationList = C9E4B3AE14B8C440006D7B1F /* Build configuration list for PBXNativeTarget "Currentsong" */;
			buildPhases = (
				C9E4B38C14B8C440006D7B1F /* Sources */,
				C9E4B38D14B8C440006D7B1F /* Frameworks */,
				C9E4B38E14B8C440006D7B1F /* Resources */,
			);
			buildRules = (
			);
			dependencies = (
			);
			name = Currentsong;
			productName = Currentsong;
			productReference = C9E4B39014B8C440006D7B1F /* Currentsong.app */;
			productType = "com.apple.product-type.application";
		};
/* End PBXNativeTarget section */

/* Begin PBXProject section */
		C9E4B38714B8C440006D7B1F /* Project object */ = {
			isa = PBXProject;
			attributes = {
				ORGANIZATIONNAME = "Matt Sarnoff";
			};
			buildConfigurationList = C9E4B38A14B8C440006D7B1F /* Build configuration list for PBXProject "Currentsong" */;
			compatibilityVersion = "Xcode 3.2";
			developmentRegion = English;
			hasScannedForEncodings = 0;
			knownRegions = (
				en,
			);
			mainGroup = C9E4B38514B8C440006D7B1F;
			productRefGroup = C9E4B39114B8C440006D7B1F /* Products */;
			projectDirPath = "";
			projectRoot = "";
			targets = (
				C9E4B38F14B8C440006D7B1F /* Currentsong */,
			);
		};
/* End PBXProject section */

/* Begin PBXResourcesBuildPhase section */
		C9E4B38E14B8C440006D7B1F /* Resources */ = {
			isa = PBXResourcesBuildPhase;
			buildActionMask = 2147483647;
			files = (
				C91F1B7814BABCAA00C40108 /* Currentsong.icns in Resources */,
				C91F1B9414BABEBC00C40108 /* InfoPlist.strings in Resources */,
				C91F1B9714BABEC800C40108 /* MainMenu.xib in Resources */,
			);
			runOnlyForDeploymentPostprocessing = 0;
		};
/* End PBXResourcesBuildPhase section */

/* Begin PBXSourcesBuildPhase section */
		C9E4B38C14B8C440006D7B1F /* Sources */ = {
			isa = PBXSourcesBuildPhase;
			buildActionMask = 2147483647;
			files = (
				C91F1B8614BABE7C00C40108 /* CurrentsongAppDelegate.m in Sources */,
				C91F1B8714BABE7C00C40108 /* CurrentsongPreferenceKeys.m in Sources */,
				C91F1B8814BABE7C00C40108 /* CurrentsongStatusView.m in Sources */,
				C91F1B8914BABE7C00C40108 /* LaunchAtLoginController.m in Sources */,
				C91F1B8A14BABE7C00C40108 /* MSDurationFormatter.m in Sources */,
				C91F1B8B14BABE7C00C40108 /* NSAttributedStringAdditions.m in Sources */,
				C91F1B9014BABE9400C40108 /* main.m in Sources */,
			);
			runOnlyForDeploymentPostprocessing = 0;
		};
/* End PBXSourcesBuildPhase section */

/* Begin PBXVariantGroup section */
		C91F1B9214BABEBC00C40108 /* InfoPlist.strings */ = {
			isa = PBXVariantGroup;
			children = (
				C91F1B9314BABEBC00C40108 /* en */,
			);
			name = InfoPlist.strings;
			sourceTree = "<group>";
		};
		C91F1B9514BABEC800C40108 /* MainMenu.xib */ = {
			isa = PBXVariantGroup;
			children = (
				C91F1B9614BABEC800C40108 /* en */,
			);
			name = MainMenu.xib;
			sourceTree = "<group>";
		};
/* End PBXVariantGroup section */

/* Begin XCBuildConfiguration section */
		C9E4B3AC14B8C440006D7B1F /* Debug */ = {
			isa = XCBuildConfiguration;
			buildSettings = {
				ALWAYS_SEARCH_USER_PATHS = NO;
				ARCHS = "$(ARCHS_STANDARD_64_BIT)";
				COPY_PHASE_STRIP = NO;
				GCC_C_LANGUAGE_STANDARD = gnu99;
				GCC_DYNAMIC_NO_PIC = NO;
				GCC_ENABLE_OBJC_EXCEPTIONS = YES;
				GCC_OPTIMIZATION_LEVEL = 0;
				GCC_PREPROCESSOR_DEFINITIONS = (
					"DEBUG=1",
					"$(inherited)",
				);
				GCC_SYMBOLS_PRIVATE_EXTERN = NO;
				GCC_VERSION = com.apple.compilers.llvm.clang.1_0;
				GCC_WARN_64_TO_32_BIT_CONVERSION = YES;
				GCC_WARN_ABOUT_MISSING_PROTOTYPES = YES;
				GCC_WARN_ABOUT_RETURN_TYPE = YES;
				GCC_WARN_UNUSED_VARIABLE = YES;
				MACOSX_DEPLOYMENT_TARGET = 10.6;
				ONLY_ACTIVE_ARCH = YES;
				SDKROOT = macosx;
			};
			name = Debug;
		};
		C9E4B3AD14B8C440006D7B1F /* Release */ = {
			isa = XCBuildConfiguration;
			buildSettings = {
				ALWAYS_SEARCH_USER_PATHS = NO;
				ARCHS = "$(ARCHS_STANDARD_64_BIT)";
				COPY_PHASE_STRIP = YES;
				DEBUG_INFORMATION_FORMAT = "dwarf-with-dsym";
				GCC_C_LANGUAGE_STANDARD = gnu99;
				GCC_ENABLE_OBJC_EXCEPTIONS = YES;
				GCC_VERSION = com.apple.compilers.llvm.clang.1_0;
				GCC_WARN_64_TO_32_BIT_CONVERSION = YES;
				GCC_WARN_ABOUT_MISSING_PROTOTYPES = YES;
				GCC_WARN_ABOUT_RETURN_TYPE = YES;
				GCC_WARN_UNUSED_VARIABLE = YES;
				MACOSX_DEPLOYMENT_TARGET = 10.6;
				SDKROOT = macosx;
			};
			name = Release;
		};
		C9E4B3AF14B8C440006D7B1F /* Debug */ = {
			isa = XCBuildConfiguration;
			buildSettings = {
				ARCHS = "$(ARCHS_STANDARD_32_64_BIT)";
				GCC_PRECOMPILE_PREFIX_HEADER = YES;
				GCC_PREFIX_HEADER = "Source/Currentsong-Prefix.pch";
				INFOPLIST_FILE = "Currentsong-Info.plist";
				PRODUCT_NAME = "$(TARGET_NAME)";
				WRAPPER_EXTENSION = app;
			};
			name = Debug;
		};
		C9E4B3B014B8C440006D7B1F /* Release */ = {
			isa = XCBuildConfiguration;
			buildSettings = {
				ARCHS = "$(ARCHS_STANDARD_32_64_BIT)";
				GCC_PRECOMPILE_PREFIX_HEADER = YES;
				GCC_PREFIX_HEADER = "Source/Currentsong-Prefix.pch";
				INFOPLIST_FILE = "Currentsong-Info.plist";
				PRODUCT_NAME = "$(TARGET_NAME)";
				WRAPPER_EXTENSION = app;
			};
			name = Release;
		};
/* End XCBuildConfiguration section */

/* Begin XCConfigurationList section */
		C9E4B38A14B8C440006D7B1F /* Build configuration list for PBXProject "Currentsong" */ = {
			isa = XCConfigurationList;
			buildConfigurations = (
				C9E4B3AC14B8C440006D7B1F /* Debug */,
				C9E4B3AD14B8C440006D7B1F /* Release */,
			);
			defaultConfigurationIsVisible = 0;
			defaultConfigurationName = Release;
		};
		C9E4B3AE14B8C440006D7B1F /* Build configuration list for PBXNativeTarget "Currentsong" */ = {
			isa = XCConfigurationList;
			buildConfigurations = (
				C9E4B3AF14B8C440006D7B1F /* Debug */,
				C9E4B3B014B8C440006D7B1F /* Release */,
			);
			defaultConfigurationIsVisible = 0;
			defaultConfigurationName = Release;
		};
/* End XCConfigurationList section */
	};
	rootObject = C9E4B38714B8C440006D7B1F /* Project object */;
}
